
Microsoft Visual Studio Solution File, Format Version 12.00
# Visual Studio 14
VisualStudioVersion = 14.0.25123.0
MinimumVisualStudioVersion = 10.0.40219.1
Project("{FAE04EC0-301F-11D3-BF4B-00C04F79EFBC}") = "ChainOfResponsibility", "ChainOfResponsibility\ChainOfResponsibility.csproj", "{D659A2C5-91CB-4C18-A44C-2648500DB9FB}"
EndProject
Project("{FAE04EC0-301F-11D3-BF4B-00C04F79EFBC}") = "Template", "Template\Template.csproj", "{5AB03394-3BBB-46E7-B749-A734CC37AE68}"
EndProject
Global
	GlobalSection(SolutionConfigurationPlatforms) = preSolution
		Debug|Any CPU = Debug|Any CPU
		Release|Any CPU = Release|Any CPU
	EndGlobalSection
	GlobalSection(ProjectConfigurationPlatforms) = postSolution
		{D659A2C5-91CB-4C18-A44C-2648500DB9FB}.Debug|Any CPU.ActiveCfg = Debug|Any CPU
		{D659A2C5-91CB-4C18-A44C-2648500DB9FB}.Debug|Any CPU.Build.0 = Debug|Any CPU
		{D659A2C5-91CB-4C18-A44C-2648500DB9FB}.Release|Any CPU.ActiveCfg = Release|Any CPU
		{D659A2C5-91CB-4C18-A44C-2648500DB9FB}.Release|Any CPU.Build.0 = Release|Any CPU
		{5AB03394-3BBB-46E7-B749-A734CC37AE68}.Debug|Any CPU.ActiveCfg = Debug|Any CPU
		{5AB03394-3BBB-46E7-B749-A734CC37AE68}.Debug|Any CPU.Build.0 = Debug|Any CPU
		{5AB03394-3BBB-46E7-B749-A734CC37AE68}.Release|Any CPU.ActiveCfg = Release|Any CPU
		{5AB03394-3BBB-46E7-B749-A734CC37AE68}.Release|Any CPU.Build.0 = Release|Any CPU
	EndGlobalSection
	GlobalSection(SolutionProperties) = preSolution
		HideSolutionNode = FALSE
	EndGlobalSection
EndGlobal
